// !$*UTF8*$!
{
	archiveVersion = 1;
	classes = {
	};
	objectVersion = 50;
	objects = {

/* Begin PBXBuildFile section */
		45D5BA203AC4F25A64D125B7 /* Pods_Ping.framework in Frameworks */ = {isa = PBXBuildFile; fileRef = A80873642DB56087746C1163 /* Pods_Ping.framework */; };
		D01F57B9213B945C0043CE9D /* ChatViewController.swift in Sources */ = {isa = PBXBuildFile; fileRef = D01F57B8213B945C0043CE9D /* ChatViewController.swift */; };
		D01F57BB213CD7FE0043CE9D /* ProfileViewTableViewController.swift in Sources */ = {isa = PBXBuildFile; fileRef = D01F57BA213CD7FE0043CE9D /* ProfileViewTableViewController.swift */; };
		D01F57C2213F9BC50043CE9D /* RecentChatTableViewCell.swift in Sources */ = {isa = PBXBuildFile; fileRef = D01F57C1213F9BC50043CE9D /* RecentChatTableViewCell.swift */; };
		D02DC78B2138CB2900335DC9 /* FUser.swift in Sources */ = {isa = PBXBuildFile; fileRef = D02DC78A2138CB2900335DC9 /* FUser.swift */; };
		D02DC78D2138CB9800335DC9 /* Constants.swift in Sources */ = {isa = PBXBuildFile; fileRef = D02DC78C2138CB9800335DC9 /* Constants.swift */; };
		D04D98EA215092E9002B12CD /* ContactsTableViewController.swift in Sources */ = {isa = PBXBuildFile; fileRef = D04D98E9215092E9002B12CD /* ContactsTableViewController.swift */; };
		D04D98EE2150FA1E002B12CD /* CountryCode.swift in Sources */ = {isa = PBXBuildFile; fileRef = D04D98ED2150FA1E002B12CD /* CountryCode.swift */; };
		D04D98FA2150FA78002B12CD /* Recent.swift in Sources */ = {isa = PBXBuildFile; fileRef = D04D98F22150FA73002B12CD /* Recent.swift */; };
		D04D98FB2150FA78002B12CD /* IncomingMessages.swift in Sources */ = {isa = PBXBuildFile; fileRef = D04D98F32150FA74002B12CD /* IncomingMessages.swift */; };
		D04D98FC2150FA78002B12CD /* PhotoMediaItem.swift in Sources */ = {isa = PBXBuildFile; fileRef = D04D98F42150FA75002B12CD /* PhotoMediaItem.swift */; };
		D04D98FD2150FA78002B12CD /* VideoMessage.swift in Sources */ = {isa = PBXBuildFile; fileRef = D04D98F52150FA76002B12CD /* VideoMessage.swift */; };
		D04D98FE2150FA78002B12CD /* Camera.swift in Sources */ = {isa = PBXBuildFile; fileRef = D04D98F62150FA77002B12CD /* Camera.swift */; };
		D04D99002150FA78002B12CD /* OutgoingMessages.swift in Sources */ = {isa = PBXBuildFile; fileRef = D04D98F82150FA78002B12CD /* OutgoingMessages.swift */; };
		D04D990221514080002B12CD /* GroupMemberCollectionViewCell.swift in Sources */ = {isa = PBXBuildFile; fileRef = D04D990121514080002B12CD /* GroupMemberCollectionViewCell.swift */; };
		D04D990421514B5E002B12CD /* NewGroupViewController.swift in Sources */ = {isa = PBXBuildFile; fileRef = D04D990321514B5E002B12CD /* NewGroupViewController.swift */; };
		D04D9906215275EA002B12CD /* Group.swift in Sources */ = {isa = PBXBuildFile; fileRef = D04D9905215275EA002B12CD /* Group.swift */; };
		D04D990821537EEF002B12CD /* GroupViewController.swift in Sources */ = {isa = PBXBuildFile; fileRef = D04D990721537EEF002B12CD /* GroupViewController.swift */; };
		D04D990A21538938002B12CD /* InviteUserTableViewController.swift in Sources */ = {isa = PBXBuildFile; fileRef = D04D990921538938002B12CD /* InviteUserTableViewController.swift */; };
		D04D990E2153D1CD002B12CD /* Encryption.swift in Sources */ = {isa = PBXBuildFile; fileRef = D04D990D2153D1CD002B12CD /* Encryption.swift */; };
		D04D99102153EB47002B12CD /* ImagePicker.framework in Frameworks */ = {isa = PBXBuildFile; fileRef = D04D990F2153EB47002B12CD /* ImagePicker.framework */; };
		D05F88DD2137F9020022DBC6 /* AppDelegate.swift in Sources */ = {isa = PBXBuildFile; fileRef = D05F88DC2137F9020022DBC6 /* AppDelegate.swift */; };
		D05F88E22137F9030022DBC6 /* Main.storyboard in Resources */ = {isa = PBXBuildFile; fileRef = D05F88E02137F9030022DBC6 /* Main.storyboard */; };
		D05F88E42137F9080022DBC6 /* Assets.xcassets in Resources */ = {isa = PBXBuildFile; fileRef = D05F88E32137F9080022DBC6 /* Assets.xcassets */; };
		D05F88E72137F9080022DBC6 /* LaunchScreen.storyboard in Resources */ = {isa = PBXBuildFile; fileRef = D05F88E52137F9080022DBC6 /* LaunchScreen.storyboard */; };
		D05F88EF2137FA9C0022DBC6 /* GoogleService-Info.plist in Resources */ = {isa = PBXBuildFile; fileRef = D05F88EE2137FA9C0022DBC6 /* GoogleService-Info.plist */; };
		D05F88F1213835760022DBC6 /* WelcomeViewController.swift in Sources */ = {isa = PBXBuildFile; fileRef = D05F88F0213835760022DBC6 /* WelcomeViewController.swift */; };
		D07BA121214556D700BB52AB /* Downloader.swift in Sources */ = {isa = PBXBuildFile; fileRef = D07BA120214556D700BB52AB /* Downloader.swift */; };
		D0A46224214E6BCD0091F308 /* BlockedUserViewController.swift in Sources */ = {isa = PBXBuildFile; fileRef = D0A46223214E6BCD0091F308 /* BlockedUserViewController.swift */; };
		D0A46226214EAF200091F308 /* BackgroundCollectionViewController.swift in Sources */ = {isa = PBXBuildFile; fileRef = D0A46225214EAF200091F308 /* BackgroundCollectionViewController.swift */; };
		D0A46228214EAF390091F308 /* BackgroundCollectionViewCell.swift in Sources */ = {isa = PBXBuildFile; fileRef = D0A46227214EAF390091F308 /* BackgroundCollectionViewCell.swift */; };
		D0A4622A214EC2E50091F308 /* TermsAndConditionsViewController.swift in Sources */ = {isa = PBXBuildFile; fileRef = D0A46229214EC2E50091F308 /* TermsAndConditionsViewController.swift */; };
		D0A4622C214EC3AE0091F308 /* T&C.html in Resources */ = {isa = PBXBuildFile; fileRef = D0A4622B214EC3AE0091F308 /* T&C.html */; };
		D0A4622E214F49B10091F308 /* PP.html in Resources */ = {isa = PBXBuildFile; fileRef = D0A4622D214F49B10091F308 /* PP.html */; };
		D0A46230214F6AE20091F308 /* EditProfileTableViewController.swift in Sources */ = {isa = PBXBuildFile; fileRef = D0A4622F214F6AE20091F308 /* EditProfileTableViewController.swift */; };
		D0B6516F213AB5320012AB0A /* UserTableViewCell.swift in Sources */ = {isa = PBXBuildFile; fileRef = D0B6516E213AB5320012AB0A /* UserTableViewCell.swift */; };
		D0B65172213AB9D70012AB0A /* UsersTableViewController.swift in Sources */ = {isa = PBXBuildFile; fileRef = D0B65171213AB9D70012AB0A /* UsersTableViewController.swift */; };
		D0DBE3732138DC5A00177A3D /* FCollectionReference.swift in Sources */ = {isa = PBXBuildFile; fileRef = D0DBE3722138DC5A00177A3D /* FCollectionReference.swift */; };
		D0DBE3752138DD4000177A3D /* HelperFunction.swift in Sources */ = {isa = PBXBuildFile; fileRef = D0DBE3742138DD4000177A3D /* HelperFunction.swift */; };
		D0DBE37721392BB500177A3D /* FinishRegistrationViewController.swift in Sources */ = {isa = PBXBuildFile; fileRef = D0DBE37621392BB500177A3D /* FinishRegistrationViewController.swift */; };
		D0DBE37B2139993D00177A3D /* SettingsTableTableViewController.swift in Sources */ = {isa = PBXBuildFile; fileRef = D0DBE37A2139993D00177A3D /* SettingsTableTableViewController.swift */; };
		D0EAFB912148A47A00347BEF /* AudioViewController.swift in Sources */ = {isa = PBXBuildFile; fileRef = D0EAFB902148A47A00347BEF /* AudioViewController.swift */; };
		D0EAFB932149360800347BEF /* MapViewController.swift in Sources */ = {isa = PBXBuildFile; fileRef = D0EAFB922149360800347BEF /* MapViewController.swift */; };
		D0EAFB95214BD86400347BEF /* PictureCollectionCollectionViewController.swift in Sources */ = {isa = PBXBuildFile; fileRef = D0EAFB94214BD86400347BEF /* PictureCollectionCollectionViewController.swift */; };
		D0EAFB97214BD8B900347BEF /* PictureCollectionViewCell.swift in Sources */ = {isa = PBXBuildFile; fileRef = D0EAFB96214BD8B900347BEF /* PictureCollectionViewCell.swift */; };
		D0F3A932214144A5004A6B4C /* ChatsViewController.swift in Sources */ = {isa = PBXBuildFile; fileRef = D0F3A931214144A5004A6B4C /* ChatsViewController.swift */; };
/* End PBXBuildFile section */

/* Begin PBXFileReference section */
		15B765CF5D1658D76D1F8BB3 /* Pods-Ping.release.xcconfig */ = {isa = PBXFileReference; includeInIndex = 1; lastKnownFileType = text.xcconfig; name = "Pods-Ping.release.xcconfig"; path = "Pods/Target Support Files/Pods-Ping/Pods-Ping.release.xcconfig"; sourceTree = "<group>"; };
		A80873642DB56087746C1163 /* Pods_Ping.framework */ = {isa = PBXFileReference; explicitFileType = wrapper.framework; includeInIndex = 0; path = Pods_Ping.framework; sourceTree = BUILT_PRODUCTS_DIR; };
		D01F57B8213B945C0043CE9D /* ChatViewController.swift */ = {isa = PBXFileReference; lastKnownFileType = sourcecode.swift; path = ChatViewController.swift; sourceTree = "<group>"; };
		D01F57BA213CD7FE0043CE9D /* ProfileViewTableViewController.swift */ = {isa = PBXFileReference; lastKnownFileType = sourcecode.swift; path = ProfileViewTableViewController.swift; sourceTree = "<group>"; };
		D01F57C1213F9BC50043CE9D /* RecentChatTableViewCell.swift */ = {isa = PBXFileReference; lastKnownFileType = sourcecode.swift; path = RecentChatTableViewCell.swift; sourceTree = "<group>"; };
		D02DC78A2138CB2900335DC9 /* FUser.swift */ = {isa = PBXFileReference; lastKnownFileType = sourcecode.swift; path = FUser.swift; sourceTree = "<group>"; };
		D02DC78C2138CB9800335DC9 /* Constants.swift */ = {isa = PBXFileReference; lastKnownFileType = sourcecode.swift; path = Constants.swift; sourceTree = "<group>"; };
		D04D98E9215092E9002B12CD /* ContactsTableViewController.swift */ = {isa = PBXFileReference; lastKnownFileType = sourcecode.swift; path = ContactsTableViewController.swift; sourceTree = "<group>"; };
		D04D98ED2150FA1E002B12CD /* CountryCode.swift */ = {isa = PBXFileReference; fileEncoding = 4; lastKnownFileType = sourcecode.swift; path = CountryCode.swift; sourceTree = "<group>"; };
		D04D98F22150FA73002B12CD /* Recent.swift */ = {isa = PBXFileReference; fileEncoding = 4; lastKnownFileType = sourcecode.swift; path = Recent.swift; sourceTree = "<group>"; };
		D04D98F32150FA74002B12CD /* IncomingMessages.swift */ = {isa = PBXFileReference; fileEncoding = 4; lastKnownFileType = sourcecode.swift; path = IncomingMessages.swift; sourceTree = "<group>"; };
		D04D98F42150FA75002B12CD /* PhotoMediaItem.swift */ = {isa = PBXFileReference; fileEncoding = 4; lastKnownFileType = sourcecode.swift; path = PhotoMediaItem.swift; sourceTree = "<group>"; };
		D04D98F52150FA76002B12CD /* VideoMessage.swift */ = {isa = PBXFileReference; fileEncoding = 4; lastKnownFileType = sourcecode.swift; path = VideoMessage.swift; sourceTree = "<group>"; };
		D04D98F62150FA77002B12CD /* Camera.swift */ = {isa = PBXFileReference; fileEncoding = 4; lastKnownFileType = sourcecode.swift; path = Camera.swift; sourceTree = "<group>"; };
		D04D98F82150FA78002B12CD /* OutgoingMessages.swift */ = {isa = PBXFileReference; fileEncoding = 4; lastKnownFileType = sourcecode.swift; path = OutgoingMessages.swift; sourceTree = "<group>"; };
		D04D990121514080002B12CD /* GroupMemberCollectionViewCell.swift */ = {isa = PBXFileReference; lastKnownFileType = sourcecode.swift; path = GroupMemberCollectionViewCell.swift; sourceTree = "<group>"; };
		D04D990321514B5E002B12CD /* NewGroupViewController.swift */ = {isa = PBXFileReference; lastKnownFileType = sourcecode.swift; path = NewGroupViewController.swift; sourceTree = "<group>"; };
		D04D9905215275EA002B12CD /* Group.swift */ = {isa = PBXFileReference; lastKnownFileType = sourcecode.swift; path = Group.swift; sourceTree = "<group>"; };
		D04D990721537EEF002B12CD /* GroupViewController.swift */ = {isa = PBXFileReference; lastKnownFileType = sourcecode.swift; path = GroupViewController.swift; sourceTree = "<group>"; };
		D04D990921538938002B12CD /* InviteUserTableViewController.swift */ = {isa = PBXFileReference; lastKnownFileType = sourcecode.swift; path = InviteUserTableViewController.swift; sourceTree = "<group>"; };
		D04D990D2153D1CD002B12CD /* Encryption.swift */ = {isa = PBXFileReference; lastKnownFileType = sourcecode.swift; path = Encryption.swift; sourceTree = "<group>"; };
		D04D990F2153EB47002B12CD /* ImagePicker.framework */ = {isa = PBXFileReference; explicitFileType = wrapper.framework; path = ImagePicker.framework; sourceTree = BUILT_PRODUCTS_DIR; };
		D05F88D92137F9020022DBC6 /* Ping.app */ = {isa = PBXFileReference; explicitFileType = wrapper.application; includeInIndex = 0; path = Ping.app; sourceTree = BUILT_PRODUCTS_DIR; };
		D05F88DC2137F9020022DBC6 /* AppDelegate.swift */ = {isa = PBXFileReference; lastKnownFileType = sourcecode.swift; path = AppDelegate.swift; sourceTree = "<group>"; };
		D05F88E12137F9030022DBC6 /* Base */ = {isa = PBXFileReference; lastKnownFileType = file.storyboard; name = Base; path = Base.lproj/Main.storyboard; sourceTree = "<group>"; };
		D05F88E32137F9080022DBC6 /* Assets.xcassets */ = {isa = PBXFileReference; lastKnownFileType = folder.assetcatalog; path = Assets.xcassets; sourceTree = "<group>"; };
		D05F88E62137F9080022DBC6 /* Base */ = {isa = PBXFileReference; lastKnownFileType = file.storyboard; name = Base; path = Base.lproj/LaunchScreen.storyboard; sourceTree = "<group>"; };
		D05F88E82137F9080022DBC6 /* Info.plist */ = {isa = PBXFileReference; lastKnownFileType = text.plist.xml; path = Info.plist; sourceTree = "<group>"; };
		D05F88EE2137FA9C0022DBC6 /* GoogleService-Info.plist */ = {isa = PBXFileReference; fileEncoding = 4; lastKnownFileType = text.plist.xml; path = "GoogleService-Info.plist"; sourceTree = "<group>"; };
		D05F88F0213835760022DBC6 /* WelcomeViewController.swift */ = {isa = PBXFileReference; lastKnownFileType = sourcecode.swift; path = WelcomeViewController.swift; sourceTree = "<group>"; };
		D07BA120214556D700BB52AB /* Downloader.swift */ = {isa = PBXFileReference; lastKnownFileType = sourcecode.swift; path = Downloader.swift; sourceTree = "<group>"; };
		D0A46223214E6BCD0091F308 /* BlockedUserViewController.swift */ = {isa = PBXFileReference; lastKnownFileType = sourcecode.swift; path = BlockedUserViewController.swift; sourceTree = "<group>"; };
		D0A46225214EAF200091F308 /* BackgroundCollectionViewController.swift */ = {isa = PBXFileReference; lastKnownFileType = sourcecode.swift; path = BackgroundCollectionViewController.swift; sourceTree = "<group>"; };
		D0A46227214EAF390091F308 /* BackgroundCollectionViewCell.swift */ = {isa = PBXFileReference; lastKnownFileType = sourcecode.swift; path = BackgroundCollectionViewCell.swift; sourceTree = "<group>"; };
		D0A46229214EC2E50091F308 /* TermsAndConditionsViewController.swift */ = {isa = PBXFileReference; lastKnownFileType = sourcecode.swift; path = TermsAndConditionsViewController.swift; sourceTree = "<group>"; };
		D0A4622B214EC3AE0091F308 /* T&C.html */ = {isa = PBXFileReference; fileEncoding = 4; lastKnownFileType = text.html; path = "T&C.html"; sourceTree = "<group>"; };
		D0A4622D214F49B10091F308 /* PP.html */ = {isa = PBXFileReference; fileEncoding = 4; lastKnownFileType = text.html; path = PP.html; sourceTree = "<group>"; };
		D0A4622F214F6AE20091F308 /* EditProfileTableViewController.swift */ = {isa = PBXFileReference; lastKnownFileType = sourcecode.swift; path = EditProfileTableViewController.swift; sourceTree = "<group>"; };
		D0B6516E213AB5320012AB0A /* UserTableViewCell.swift */ = {isa = PBXFileReference; lastKnownFileType = sourcecode.swift; path = UserTableViewCell.swift; sourceTree = "<group>"; };
		D0B65171213AB9D70012AB0A /* UsersTableViewController.swift */ = {isa = PBXFileReference; lastKnownFileType = sourcecode.swift; path = UsersTableViewController.swift; sourceTree = "<group>"; };
		D0DBE3722138DC5A00177A3D /* FCollectionReference.swift */ = {isa = PBXFileReference; lastKnownFileType = sourcecode.swift; path = FCollectionReference.swift; sourceTree = "<group>"; };
		D0DBE3742138DD4000177A3D /* HelperFunction.swift */ = {isa = PBXFileReference; lastKnownFileType = sourcecode.swift; path = HelperFunction.swift; sourceTree = "<group>"; };
		D0DBE37621392BB500177A3D /* FinishRegistrationViewController.swift */ = {isa = PBXFileReference; lastKnownFileType = sourcecode.swift; path = FinishRegistrationViewController.swift; sourceTree = "<group>"; };
		D0DBE37A2139993D00177A3D /* SettingsTableTableViewController.swift */ = {isa = PBXFileReference; lastKnownFileType = sourcecode.swift; path = SettingsTableTableViewController.swift; sourceTree = "<group>"; };
		D0EAFB902148A47A00347BEF /* AudioViewController.swift */ = {isa = PBXFileReference; lastKnownFileType = sourcecode.swift; path = AudioViewController.swift; sourceTree = "<group>"; };
		D0EAFB922149360800347BEF /* MapViewController.swift */ = {isa = PBXFileReference; lastKnownFileType = sourcecode.swift; path = MapViewController.swift; sourceTree = "<group>"; };
		D0EAFB94214BD86400347BEF /* PictureCollectionCollectionViewController.swift */ = {isa = PBXFileReference; lastKnownFileType = sourcecode.swift; path = PictureCollectionCollectionViewController.swift; sourceTree = "<group>"; };
		D0EAFB96214BD8B900347BEF /* PictureCollectionViewCell.swift */ = {isa = PBXFileReference; lastKnownFileType = sourcecode.swift; path = PictureCollectionViewCell.swift; sourceTree = "<group>"; };
		D0F3A931214144A5004A6B4C /* ChatsViewController.swift */ = {isa = PBXFileReference; lastKnownFileType = sourcecode.swift; path = ChatsViewController.swift; sourceTree = "<group>"; };
		F21F7176E06D578CD20E253C /* Pods-Ping.debug.xcconfig */ = {isa = PBXFileReference; includeInIndex = 1; lastKnownFileType = text.xcconfig; name = "Pods-Ping.debug.xcconfig"; path = "Pods/Target Support Files/Pods-Ping/Pods-Ping.debug.xcconfig"; sourceTree = "<group>"; };
/* End PBXFileReference section */

/* Begin PBXFrameworksBuildPhase section */
		D05F88D62137F9020022DBC6 /* Frameworks */ = {
			isa = PBXFrameworksBuildPhase;
			buildActionMask = 2147483647;
			files = (
				D04D99102153EB47002B12CD /* ImagePicker.framework in Frameworks */,
				45D5BA203AC4F25A64D125B7 /* Pods_Ping.framework in Frameworks */,
			);
			runOnlyForDeploymentPostprocessing = 0;
		};
/* End PBXFrameworksBuildPhase section */

/* Begin PBXGroup section */
		656C702CEA176A7E77549EE1 /* Pods */ = {
			isa = PBXGroup;
			children = (
				F21F7176E06D578CD20E253C /* Pods-Ping.debug.xcconfig */,
				15B765CF5D1658D76D1F8BB3 /* Pods-Ping.release.xcconfig */,
			);
			name = Pods;
			sourceTree = "<group>";
		};
		CDB6916767E3106A919FDDAF /* Frameworks */ = {
			isa = PBXGroup;
			children = (
				D04D990F2153EB47002B12CD /* ImagePicker.framework */,
				A80873642DB56087746C1163 /* Pods_Ping.framework */,
			);
			name = Frameworks;
			sourceTree = "<group>";
		};
		D01F57BC213E8F180043CE9D /* Welcome View */ = {
			isa = PBXGroup;
			children = (
				D05F88F0213835760022DBC6 /* WelcomeViewController.swift */,
				D0DBE37621392BB500177A3D /* FinishRegistrationViewController.swift */,
			);
			path = "Welcome View";
			sourceTree = "<group>";
		};
		D01F57BD213E8F460043CE9D /* Main Group */ = {
			isa = PBXGroup;
			children = (
				D0DBE37A2139993D00177A3D /* SettingsTableTableViewController.swift */,
				D01F57B8213B945C0043CE9D /* ChatViewController.swift */,
			);
			path = "Main Group";
			sourceTree = "<group>";
		};
		D01F57BE213E8F600043CE9D /* Secondary Group */ = {
			isa = PBXGroup;
			children = (
				D0B65171213AB9D70012AB0A /* UsersTableViewController.swift */,
				D0F3A931214144A5004A6B4C /* ChatsViewController.swift */,
				D01F57BA213CD7FE0043CE9D /* ProfileViewTableViewController.swift */,
				D0EAFB922149360800347BEF /* MapViewController.swift */,
				D0EAFB94214BD86400347BEF /* PictureCollectionCollectionViewController.swift */,
				D04D98E9215092E9002B12CD /* ContactsTableViewController.swift */,
				D04D990321514B5E002B12CD /* NewGroupViewController.swift */,
				D04D990721537EEF002B12CD /* GroupViewController.swift */,
				D04D990921538938002B12CD /* InviteUserTableViewController.swift */,
				D04D98E8215092A5002B12CD /* Settings View */,
			);
			path = "Secondary Group";
			sourceTree = "<group>";
		};
		D04D98E8215092A5002B12CD /* Settings View */ = {
			isa = PBXGroup;
			children = (
				D0A46223214E6BCD0091F308 /* BlockedUserViewController.swift */,
				D0A46225214EAF200091F308 /* BackgroundCollectionViewController.swift */,
				D0A46229214EC2E50091F308 /* TermsAndConditionsViewController.swift */,
				D0A4622F214F6AE20091F308 /* EditProfileTableViewController.swift */,
			);
			path = "Settings View";
			sourceTree = "<group>";
		};
		D05F88D02137F9020022DBC6 = {
			isa = PBXGroup;
			children = (
				D05F88DB2137F9020022DBC6 /* Ping */,
				D05F88DA2137F9020022DBC6 /* Products */,
				656C702CEA176A7E77549EE1 /* Pods */,
				CDB6916767E3106A919FDDAF /* Frameworks */,
			);
			sourceTree = "<group>";
		};
		D05F88DA2137F9020022DBC6 /* Products */ = {
			isa = PBXGroup;
			children = (
				D05F88D92137F9020022DBC6 /* Ping.app */,
			);
			name = Products;
			sourceTree = "<group>";
		};
		D05F88DB2137F9020022DBC6 /* Ping */ = {
			isa = PBXGroup;
			children = (
				D05F88DC2137F9020022DBC6 /* AppDelegate.swift */,
				D0DBE37921392C5000177A3D /* Classes */,
				D0DBE37821392C0500177A3D /* Helper */,
				D01F57BC213E8F180043CE9D /* Welcome View */,
				D01F57BD213E8F460043CE9D /* Main Group */,
				D01F57BE213E8F600043CE9D /* Secondary Group */,
				D0B65170213AB9590012AB0A /* Custom Cells */,
				D05F88E02137F9030022DBC6 /* Main.storyboard */,
				D05F88E32137F9080022DBC6 /* Assets.xcassets */,
				D0A4622B214EC3AE0091F308 /* T&C.html */,
				D0A4622D214F49B10091F308 /* PP.html */,
				D05F88E52137F9080022DBC6 /* LaunchScreen.storyboard */,
				D05F88E82137F9080022DBC6 /* Info.plist */,
				D05F88EE2137FA9C0022DBC6 /* GoogleService-Info.plist */,
			);
			path = Ping;
			sourceTree = "<group>";
		};
		D0B65170213AB9590012AB0A /* Custom Cells */ = {
			isa = PBXGroup;
			children = (
				D0B6516E213AB5320012AB0A /* UserTableViewCell.swift */,
				D01F57C1213F9BC50043CE9D /* RecentChatTableViewCell.swift */,
				D0EAFB96214BD8B900347BEF /* PictureCollectionViewCell.swift */,
				D0A46227214EAF390091F308 /* BackgroundCollectionViewCell.swift */,
				D04D990121514080002B12CD /* GroupMemberCollectionViewCell.swift */,
			);
			path = "Custom Cells";
			sourceTree = "<group>";
		};
		D0DBE37821392C0500177A3D /* Helper */ = {
			isa = PBXGroup;
			children = (
				D0DBE3742138DD4000177A3D /* HelperFunction.swift */,
				D0DBE3722138DC5A00177A3D /* FCollectionReference.swift */,
				D02DC78C2138CB9800335DC9 /* Constants.swift */,
				D07BA120214556D700BB52AB /* Downloader.swift */,
			);
			path = Helper;
			sourceTree = "<group>";
		};
		D0DBE37921392C5000177A3D /* Classes */ = {
			isa = PBXGroup;
			children = (
				D04D98ED2150FA1E002B12CD /* CountryCode.swift */,
				D04D98F62150FA77002B12CD /* Camera.swift */,
				D04D98F32150FA74002B12CD /* IncomingMessages.swift */,
				D04D98F82150FA78002B12CD /* OutgoingMessages.swift */,
				D04D98F42150FA75002B12CD /* PhotoMediaItem.swift */,
				D04D98F22150FA73002B12CD /* Recent.swift */,
				D04D98F52150FA76002B12CD /* VideoMessage.swift */,
				D02DC78A2138CB2900335DC9 /* FUser.swift */,
				D0EAFB902148A47A00347BEF /* AudioViewController.swift */,
				D04D9905215275EA002B12CD /* Group.swift */,
				D04D990D2153D1CD002B12CD /* Encryption.swift */,
			);
			path = Classes;
			sourceTree = "<group>";
		};
/* End PBXGroup section */

/* Begin PBXNativeTarget section */
		D05F88D82137F9020022DBC6 /* Ping */ = {
			isa = PBXNativeTarget;
			buildConfigurationList = D05F88EB2137F9080022DBC6 /* Build configuration list for PBXNativeTarget "Ping" */;
			buildPhases = (
				3506178F150A434E4BA03228 /* [CP] Check Pods Manifest.lock */,
				D05F88D52137F9020022DBC6 /* Sources */,
				D05F88D62137F9020022DBC6 /* Frameworks */,
				D05F88D72137F9020022DBC6 /* Resources */,
				CAB2A12C221744F3D6901008 /* [CP] Embed Pods Frameworks */,
			);
			buildRules = (
			);
			dependencies = (
			);
			name = Ping;
			productName = Ping;
			productReference = D05F88D92137F9020022DBC6 /* Ping.app */;
			productType = "com.apple.product-type.application";
		};
/* End PBXNativeTarget section */

/* Begin PBXProject section */
		D05F88D12137F9020022DBC6 /* Project object */ = {
			isa = PBXProject;
			attributes = {
				LastSwiftUpdateCheck = 0940;
				LastUpgradeCheck = 0940;
				ORGANIZATIONNAME = Development;
				TargetAttributes = {
					D05F88D82137F9020022DBC6 = {
						CreatedOnToolsVersion = 9.4.1;
						LastSwiftMigration = 1000;
					};
				};
			};
			buildConfigurationList = D05F88D42137F9020022DBC6 /* Build configuration list for PBXProject "Ping" */;
			compatibilityVersion = "Xcode 9.3";
			developmentRegion = en;
			hasScannedForEncodings = 0;
			knownRegions = (
				en,
				Base,
			);
			mainGroup = D05F88D02137F9020022DBC6;
			productRefGroup = D05F88DA2137F9020022DBC6 /* Products */;
			projectDirPath = "";
			projectRoot = "";
			targets = (
				D05F88D82137F9020022DBC6 /* Ping */,
			);
		};
/* End PBXProject section */

/* Begin PBXResourcesBuildPhase section */
		D05F88D72137F9020022DBC6 /* Resources */ = {
			isa = PBXResourcesBuildPhase;
			buildActionMask = 2147483647;
			files = (
				D0A4622E214F49B10091F308 /* PP.html in Resources */,
				D05F88E72137F9080022DBC6 /* LaunchScreen.storyboard in Resources */,
				D05F88EF2137FA9C0022DBC6 /* GoogleService-Info.plist in Resources */,
				D05F88E42137F9080022DBC6 /* Assets.xcassets in Resources */,
				D0A4622C214EC3AE0091F308 /* T&C.html in Resources */,
				D05F88E22137F9030022DBC6 /* Main.storyboard in Resources */,
			);
			runOnlyForDeploymentPostprocessing = 0;
		};
/* End PBXResourcesBuildPhase section */

/* Begin PBXShellScriptBuildPhase section */
		3506178F150A434E4BA03228 /* [CP] Check Pods Manifest.lock */ = {
			isa = PBXShellScriptBuildPhase;
			buildActionMask = 2147483647;
			files = (
			);
			inputPaths = (
				"${PODS_PODFILE_DIR_PATH}/Podfile.lock",
				"${PODS_ROOT}/Manifest.lock",
			);
			name = "[CP] Check Pods Manifest.lock";
			outputPaths = (
				"$(DERIVED_FILE_DIR)/Pods-Ping-checkManifestLockResult.txt",
			);
			runOnlyForDeploymentPostprocessing = 0;
			shellPath = /bin/sh;
			shellScript = "diff \"${PODS_PODFILE_DIR_PATH}/Podfile.lock\" \"${PODS_ROOT}/Manifest.lock\" > /dev/null\nif [ $? != 0 ] ; then\n    # print error to STDERR\n    echo \"error: The sandbox is not in sync with the Podfile.lock. Run 'pod install' or update your CocoaPods installation.\" >&2\n    exit 1\nfi\n# This output is used by Xcode 'outputs' to avoid re-running this script phase.\necho \"SUCCESS\" > \"${SCRIPT_OUTPUT_FILE_0}\"\n";
			showEnvVarsInLog = 0;
		};
		CAB2A12C221744F3D6901008 /* [CP] Embed Pods Frameworks */ = {
			isa = PBXShellScriptBuildPhase;
			buildActionMask = 2147483647;
			files = (
			);
			inputPaths = (
				"${SRCROOT}/Pods/Target Support Files/Pods-Ping/Pods-Ping-frameworks.sh",
				"${BUILT_PRODUCTS_DIR}/BoringSSL/openssl.framework",
				"${BUILT_PRODUCTS_DIR}/ChameleonFramework/ChameleonFramework.framework",
				"${BUILT_PRODUCTS_DIR}/DACircularProgress/DACircularProgress.framework",
				"${BUILT_PRODUCTS_DIR}/GTMSessionFetcher/GTMSessionFetcher.framework",
				"${BUILT_PRODUCTS_DIR}/GoogleUtilities/GoogleUtilities.framework",
				"${BUILT_PRODUCTS_DIR}/IDMPhotoBrowser/IDMPhotoBrowser.framework",
				"${BUILT_PRODUCTS_DIR}/IQAudioRecorderController/IQAudioRecorderController.framework",
				"${BUILT_PRODUCTS_DIR}/ImagePicker/ImagePicker.framework",
				"${BUILT_PRODUCTS_DIR}/JSQMessagesViewController/JSQMessagesViewController.framework",
				"${BUILT_PRODUCTS_DIR}/JSQSystemSoundPlayer/JSQSystemSoundPlayer.framework",
				"${BUILT_PRODUCTS_DIR}/MBProgressHUD/MBProgressHUD.framework",
				"${BUILT_PRODUCTS_DIR}/ProgressHUD/ProgressHUD.framework",
				"${BUILT_PRODUCTS_DIR}/Protobuf/Protobuf.framework",
				"${BUILT_PRODUCTS_DIR}/RNCryptor/RNCryptor.framework",
				"${BUILT_PRODUCTS_DIR}/SCSiriWaveformView/SCSiriWaveformView.framework",
				"${BUILT_PRODUCTS_DIR}/SDWebImage/SDWebImage.framework",
				"${BUILT_PRODUCTS_DIR}/TransitionButton/TransitionButton.framework",
				"${BUILT_PRODUCTS_DIR}/gRPC/GRPCClient.framework",
				"${BUILT_PRODUCTS_DIR}/gRPC-Core/grpc.framework",
				"${BUILT_PRODUCTS_DIR}/gRPC-ProtoRPC/ProtoRPC.framework",
				"${BUILT_PRODUCTS_DIR}/gRPC-RxLibrary/RxLibrary.framework",
				"${BUILT_PRODUCTS_DIR}/leveldb-library/leveldb.framework",
				"${BUILT_PRODUCTS_DIR}/nanopb/nanopb.framework",
				"${BUILT_PRODUCTS_DIR}/pop/pop.framework",
			);
			name = "[CP] Embed Pods Frameworks";
			outputPaths = (
				"${TARGET_BUILD_DIR}/${FRAMEWORKS_FOLDER_PATH}/openssl.framework",
				"${TARGET_BUILD_DIR}/${FRAMEWORKS_FOLDER_PATH}/ChameleonFramework.framework",
				"${TARGET_BUILD_DIR}/${FRAMEWORKS_FOLDER_PATH}/DACircularProgress.framework",
				"${TARGET_BUILD_DIR}/${FRAMEWORKS_FOLDER_PATH}/GTMSessionFetcher.framework",
				"${TARGET_BUILD_DIR}/${FRAMEWORKS_FOLDER_PATH}/GoogleUtilities.framework",
				"${TARGET_BUILD_DIR}/${FRAMEWORKS_FOLDER_PATH}/IDMPhotoBrowser.framework",
				"${TARGET_BUILD_DIR}/${FRAMEWORKS_FOLDER_PATH}/IQAudioRecorderController.framework",
				"${TARGET_BUILD_DIR}/${FRAMEWORKS_FOLDER_PATH}/ImagePicker.framework",
				"${TARGET_BUILD_DIR}/${FRAMEWORKS_FOLDER_PATH}/JSQMessagesViewController.framework",
				"${TARGET_BUILD_DIR}/${FRAMEWORKS_FOLDER_PATH}/JSQSystemSoundPlayer.framework",
				"${TARGET_BUILD_DIR}/${FRAMEWORKS_FOLDER_PATH}/MBProgressHUD.framework",
				"${TARGET_BUILD_DIR}/${FRAMEWORKS_FOLDER_PATH}/ProgressHUD.framework",
				"${TARGET_BUILD_DIR}/${FRAMEWORKS_FOLDER_PATH}/Protobuf.framework",
				"${TARGET_BUILD_DIR}/${FRAMEWORKS_FOLDER_PATH}/RNCryptor.framework",
				"${TARGET_BUILD_DIR}/${FRAMEWORKS_FOLDER_PATH}/SCSiriWaveformView.framework",
				"${TARGET_BUILD_DIR}/${FRAMEWORKS_FOLDER_PATH}/SDWebImage.framework",
				"${TARGET_BUILD_DIR}/${FRAMEWORKS_FOLDER_PATH}/TransitionButton.framework",
				"${TARGET_BUILD_DIR}/${FRAMEWORKS_FOLDER_PATH}/GRPCClient.framework",
				"${TARGET_BUILD_DIR}/${FRAMEWORKS_FOLDER_PATH}/grpc.framework",
				"${TARGET_BUILD_DIR}/${FRAMEWORKS_FOLDER_PATH}/ProtoRPC.framework",
				"${TARGET_BUILD_DIR}/${FRAMEWORKS_FOLDER_PATH}/RxLibrary.framework",
				"${TARGET_BUILD_DIR}/${FRAMEWORKS_FOLDER_PATH}/leveldb.framework",
				"${TARGET_BUILD_DIR}/${FRAMEWORKS_FOLDER_PATH}/nanopb.framework",
				"${TARGET_BUILD_DIR}/${FRAMEWORKS_FOLDER_PATH}/pop.framework",
			);
			runOnlyForDeploymentPostprocessing = 0;
			shellPath = /bin/sh;
			shellScript = "\"${SRCROOT}/Pods/Target Support Files/Pods-Ping/Pods-Ping-frameworks.sh\"\n";
			showEnvVarsInLog = 0;
		};
/* End PBXShellScriptBuildPhase section */

/* Begin PBXSourcesBuildPhase section */
		D05F88D52137F9020022DBC6 /* Sources */ = {
			isa = PBXSourcesBuildPhase;
			buildActionMask = 2147483647;
			files = (
				D04D990821537EEF002B12CD /* GroupViewController.swift in Sources */,
				D02DC78B2138CB2900335DC9 /* FUser.swift in Sources */,
				D0B6516F213AB5320012AB0A /* UserTableViewCell.swift in Sources */,
				D01F57BB213CD7FE0043CE9D /* ProfileViewTableViewController.swift in Sources */,
				D04D99002150FA78002B12CD /* OutgoingMessages.swift in Sources */,
				D0EAFB95214BD86400347BEF /* PictureCollectionCollectionViewController.swift in Sources */,
				D0EAFB97214BD8B900347BEF /* PictureCollectionViewCell.swift in Sources */,
				D0A46226214EAF200091F308 /* BackgroundCollectionViewController.swift in Sources */,
				D04D98FB2150FA78002B12CD /* IncomingMessages.swift in Sources */,
				D01F57C2213F9BC50043CE9D /* RecentChatTableViewCell.swift in Sources */,
				D04D990A21538938002B12CD /* InviteUserTableViewController.swift in Sources */,
				D04D98FE2150FA78002B12CD /* Camera.swift in Sources */,
				D04D98FC2150FA78002B12CD /* PhotoMediaItem.swift in Sources */,
				D0EAFB932149360800347BEF /* MapViewController.swift in Sources */,
				D01F57B9213B945C0043CE9D /* ChatViewController.swift in Sources */,
				D0DBE37B2139993D00177A3D /* SettingsTableTableViewController.swift in Sources */,
				D0A4622A214EC2E50091F308 /* TermsAndConditionsViewController.swift in Sources */,
				D07BA121214556D700BB52AB /* Downloader.swift in Sources */,
				D0F3A932214144A5004A6B4C /* ChatsViewController.swift in Sources */,
				D05F88DD2137F9020022DBC6 /* AppDelegate.swift in Sources */,
				D0DBE3732138DC5A00177A3D /* FCollectionReference.swift in Sources */,
				D0A46228214EAF390091F308 /* BackgroundCollectionViewCell.swift in Sources */,
				D04D98FD2150FA78002B12CD /* VideoMessage.swift in Sources */,
				D05F88F1213835760022DBC6 /* WelcomeViewController.swift in Sources */,
				D0A46230214F6AE20091F308 /* EditProfileTableViewController.swift in Sources */,
				D04D990421514B5E002B12CD /* NewGroupViewController.swift in Sources */,
				D02DC78D2138CB9800335DC9 /* Constants.swift in Sources */,
				D0DBE37721392BB500177A3D /* FinishRegistrationViewController.swift in Sources */,
				D04D98FA2150FA78002B12CD /* Recent.swift in Sources */,
				D0EAFB912148A47A00347BEF /* AudioViewController.swift in Sources */,
				D04D990E2153D1CD002B12CD /* Encryption.swift in Sources */,
				D04D9906215275EA002B12CD /* Group.swift in Sources */,
				D04D98EE2150FA1E002B12CD /* CountryCode.swift in Sources */,
				D04D990221514080002B12CD /* GroupMemberCollectionViewCell.swift in Sources */,
				D0B65172213AB9D70012AB0A /* UsersTableViewController.swift in Sources */,
				D0A46224214E6BCD0091F308 /* BlockedUserViewController.swift in Sources */,
				D0DBE3752138DD4000177A3D /* HelperFunction.swift in Sources */,
				D04D98EA215092E9002B12CD /* ContactsTableViewController.swift in Sources */,
			);
			runOnlyForDeploymentPostprocessing = 0;
		};
/* End PBXSourcesBuildPhase section */

/* Begin PBXVariantGroup section */
		D05F88E02137F9030022DBC6 /* Main.storyboard */ = {
			isa = PBXVariantGroup;
			children = (
				D05F88E12137F9030022DBC6 /* Base */,
			);
			name = Main.storyboard;
			sourceTree = "<group>";
		};
		D05F88E52137F9080022DBC6 /* LaunchScreen.storyboard */ = {
			isa = PBXVariantGroup;
			children = (
				D05F88E62137F9080022DBC6 /* Base */,
			);
			name = LaunchScreen.storyboard;
			sourceTree = "<group>";
		};
/* End PBXVariantGroup section */

/* Begin XCBuildConfiguration section */
		D05F88E92137F9080022DBC6 /* Debug */ = {
			isa = XCBuildConfiguration;
			buildSettings = {
				ALWAYS_SEARCH_USER_PATHS = NO;
				CLANG_ANALYZER_NONNULL = YES;
				CLANG_ANALYZER_NUMBER_OBJECT_CONVERSION = YES_AGGRESSIVE;
				CLANG_CXX_LANGUAGE_STANDARD = "gnu++14";
				CLANG_CXX_LIBRARY = "libc++";
				CLANG_ENABLE_MODULES = YES;
				CLANG_ENABLE_OBJC_ARC = YES;
				CLANG_ENABLE_OBJC_WEAK = YES;
				CLANG_WARN_BLOCK_CAPTURE_AUTORELEASING = YES;
				CLANG_WARN_BOOL_CONVERSION = YES;
				CLANG_WARN_COMMA = YES;
				CLANG_WARN_CONSTANT_CONVERSION = YES;
				CLANG_WARN_DEPRECATED_OBJC_IMPLEMENTATIONS = YES;
				CLANG_WARN_DIRECT_OBJC_ISA_USAGE = YES_ERROR;
				CLANG_WARN_DOCUMENTATION_COMMENTS = YES;
				CLANG_WARN_EMPTY_BODY = YES;
				CLANG_WARN_ENUM_CONVERSION = YES;
				CLANG_WARN_INFINITE_RECURSION = YES;
				CLANG_WARN_INT_CONVERSION = YES;
				CLANG_WARN_NON_LITERAL_NULL_CONVERSION = YES;
				CLANG_WARN_OBJC_IMPLICIT_RETAIN_SELF = YES;
				CLANG_WARN_OBJC_LITERAL_CONVERSION = YES;
				CLANG_WARN_OBJC_ROOT_CLASS = YES_ERROR;
				CLANG_WARN_RANGE_LOOP_ANALYSIS = YES;
				CLANG_WARN_STRICT_PROTOTYPES = YES;
				CLANG_WARN_SUSPICIOUS_MOVE = YES;
				CLANG_WARN_UNGUARDED_AVAILABILITY = YES_AGGRESSIVE;
				CLANG_WARN_UNREACHABLE_CODE = YES;
				CLANG_WARN__DUPLICATE_METHOD_MATCH = YES;
				CODE_SIGN_IDENTITY = "iPhone Developer";
				COPY_PHASE_STRIP = NO;
				DEBUG_INFORMATION_FORMAT = dwarf;
				ENABLE_STRICT_OBJC_MSGSEND = YES;
				ENABLE_TESTABILITY = YES;
				GCC_C_LANGUAGE_STANDARD = gnu11;
				GCC_DYNAMIC_NO_PIC = NO;
				GCC_NO_COMMON_BLOCKS = YES;
				GCC_OPTIMIZATION_LEVEL = 0;
				GCC_PREPROCESSOR_DEFINITIONS = (
					"DEBUG=1",
					"$(inherited)",
				);
				GCC_WARN_64_TO_32_BIT_CONVERSION = YES;
				GCC_WARN_ABOUT_RETURN_TYPE = YES_ERROR;
				GCC_WARN_UNDECLARED_SELECTOR = YES;
				GCC_WARN_UNINITIALIZED_AUTOS = YES_AGGRESSIVE;
				GCC_WARN_UNUSED_FUNCTION = YES;
				GCC_WARN_UNUSED_VARIABLE = YES;
				IPHONEOS_DEPLOYMENT_TARGET = 11.4;
				MTL_ENABLE_DEBUG_INFO = YES;
				ONLY_ACTIVE_ARCH = YES;
				SDKROOT = iphoneos;
				SWIFT_ACTIVE_COMPILATION_CONDITIONS = DEBUG;
				SWIFT_OPTIMIZATION_LEVEL = "-Onone";
			};
			name = Debug;
		};
		D05F88EA2137F9080022DBC6 /* Release */ = {
			isa = XCBuildConfiguration;
			buildSettings = {
				ALWAYS_SEARCH_USER_PATHS = NO;
				CLANG_ANALYZER_NONNULL = YES;
				CLANG_ANALYZER_NUMBER_OBJECT_CONVERSION = YES_AGGRESSIVE;
				CLANG_CXX_LANGUAGE_STANDARD = "gnu++14";
				CLANG_CXX_LIBRARY = "libc++";
				CLANG_ENABLE_MODULES = YES;
				CLANG_ENABLE_OBJC_ARC = YES;
				CLANG_ENABLE_OBJC_WEAK = YES;
				CLANG_WARN_BLOCK_CAPTURE_AUTORELEASING = YES;
				CLANG_WARN_BOOL_CONVERSION = YES;
				CLANG_WARN_COMMA = YES;
				CLANG_WARN_CONSTANT_CONVERSION = YES;
				CLANG_WARN_DEPRECATED_OBJC_IMPLEMENTATIONS = YES;
				CLANG_WARN_DIRECT_OBJC_ISA_USAGE = YES_ERROR;
				CLANG_WARN_DOCUMENTATION_COMMENTS = YES;
				CLANG_WARN_EMPTY_BODY = YES;
				CLANG_WARN_ENUM_CONVERSION = YES;
				CLANG_WARN_INFINITE_RECURSION = YES;
				CLANG_WARN_INT_CONVERSION = YES;
				CLANG_WARN_NON_LITERAL_NULL_CONVERSION = YES;
				CLANG_WARN_OBJC_IMPLICIT_RETAIN_SELF = YES;
				CLANG_WARN_OBJC_LITERAL_CONVERSION = YES;
				CLANG_WARN_OBJC_ROOT_CLASS = YES_ERROR;
				CLANG_WARN_RANGE_LOOP_ANALYSIS = YES;
				CLANG_WARN_STRICT_PROTOTYPES = YES;
				CLANG_WARN_SUSPICIOUS_MOVE = YES;
				CLANG_WARN_UNGUARDED_AVAILABILITY = YES_AGGRESSIVE;
				CLANG_WARN_UNREACHABLE_CODE = YES;
				CLANG_WARN__DUPLICATE_METHOD_MATCH = YES;
				CODE_SIGN_IDENTITY = "iPhone Developer";
				COPY_PHASE_STRIP = NO;
				DEBUG_INFORMATION_FORMAT = "dwarf-with-dsym";
				ENABLE_NS_ASSERTIONS = NO;
				ENABLE_STRICT_OBJC_MSGSEND = YES;
				GCC_C_LANGUAGE_STANDARD = gnu11;
				GCC_NO_COMMON_BLOCKS = YES;
				GCC_WARN_64_TO_32_BIT_CONVERSION = YES;
				GCC_WARN_ABOUT_RETURN_TYPE = YES_ERROR;
				GCC_WARN_UNDECLARED_SELECTOR = YES;
				GCC_WARN_UNINITIALIZED_AUTOS = YES_AGGRESSIVE;
				GCC_WARN_UNUSED_FUNCTION = YES;
				GCC_WARN_UNUSED_VARIABLE = YES;
				IPHONEOS_DEPLOYMENT_TARGET = 11.4;
				MTL_ENABLE_DEBUG_INFO = NO;
				SDKROOT = iphoneos;
				SWIFT_COMPILATION_MODE = wholemodule;
				SWIFT_OPTIMIZATION_LEVEL = "-O";
				VALIDATE_PRODUCT = YES;
			};
			name = Release;
		};
		D05F88EC2137F9080022DBC6 /* Debug */ = {
			isa = XCBuildConfiguration;
			baseConfigurationReference = F21F7176E06D578CD20E253C /* Pods-Ping.debug.xcconfig */;
			buildSettings = {
				ASSETCATALOG_COMPILER_APPICON_NAME = AppIcon;
				CODE_SIGN_STYLE = Automatic;
				DEVELOPMENT_TEAM = Z454JJQAC4;
				INFOPLIST_FILE = Ping/Info.plist;
				LD_RUNPATH_SEARCH_PATHS = (
					"$(inherited)",
					"@executable_path/Frameworks",
				);
				PRODUCT_BUNDLE_IDENTIFIER = com.shreeBhagwat.Ping;
				PRODUCT_NAME = "$(TARGET_NAME)";
				SWIFT_VERSION = 4.2;
				TARGETED_DEVICE_FAMILY = "1,2";
			};
			name = Debug;
		};
		D05F88ED2137F9080022DBC6 /* Release */ = {
			isa = XCBuildConfiguration;
			baseConfigurationReference = 15B765CF5D1658D76D1F8BB3 /* Pods-Ping.release.xcconfig */;
			buildSettings = {
				ASSETCATALOG_COMPILER_APPICON_NAME = AppIcon;
				CODE_SIGN_STYLE = Automatic;
				DEVELOPMENT_TEAM = Z454JJQAC4;
				INFOPLIST_FILE = Ping/Info.plist;
				LD_RUNPATH_SEARCH_PATHS = (
					"$(inherited)",
					"@executable_path/Frameworks",
				);
				PRODUCT_BUNDLE_IDENTIFIER = com.shreeBhagwat.Ping;
				PRODUCT_NAME = "$(TARGET_NAME)";
				SWIFT_VERSION = 4.2;
				TARGETED_DEVICE_FAMILY = "1,2";
			};
			name = Release;
		};
/* End XCBuildConfiguration section */

/* Begin XCConfigurationList section */
		D05F88D42137F9020022DBC6 /* Build configuration list for PBXProject "Ping" */ = {
			isa = XCConfigurationList;
			buildConfigurations = (
				D05F88E92137F9080022DBC6 /* Debug */,
				D05F88EA2137F9080022DBC6 /* Release */,
			);
			defaultConfigurationIsVisible = 0;
			defaultConfigurationName = Release;
		};
		D05F88EB2137F9080022DBC6 /* Build configuration list for PBXNativeTarget "Ping" */ = {
			isa = XCConfigurationList;
			buildConfigurations = (
				D05F88EC2137F9080022DBC6 /* Debug */,
				D05F88ED2137F9080022DBC6 /* Release */,
			);
			defaultConfigurationIsVisible = 0;
			defaultConfigurationName = Release;
		};
/* End XCConfigurationList section */
	};
	rootObject = D05F88D12137F9020022DBC6 /* Project object */;
}
